
Microsoft Visual Studio Solution File, Format Version 12.00
# Visual Studio Version 17
VisualStudioVersion = 17.6.33617.297
MinimumVisualStudioVersion = 10.0.40219.1
Project("{FAE04EC0-301F-11D3-BF4B-00C04F79EFBC}") = "autoBrowser", "autoBrowser\autoBrowser.csproj", "{B9C4B0C6-A4AF-4ED1-BF26-E9D2545288E6}"
EndProject
Global
	GlobalSection(SolutionConfigurationPlatforms) = preSolution
		Debug|Any CPU = Debug|Any CPU
		Release|Any CPU = Release|Any CPU
	EndGlobalSection
	GlobalSection(ProjectConfigurationPlatforms) = postSolution
		{B9C4B0C6-A4AF-4ED1-BF26-E9D2545288E6}.Debug|Any CPU.ActiveCfg = Debug|Any CPU
		{B9C4B0C6-A4AF-4ED1-BF26-E9D2545288E6}.Debug|Any CPU.Build.0 = Debug|Any CPU
		{B9C4B0C6-A4AF-4ED1-BF26-E9D2545288E6}.Release|Any CPU.ActiveCfg = Release|Any CPU
		{B9C4B0C6-A4AF-4ED1-BF26-E9D2545288E6}.Release|Any CPU.Build.0 = Release|Any CPU
	EndGlobalSection
	GlobalSection(SolutionProperties) = preSolution
		HideSolutionNode = FALSE
	EndGlobalSection
	GlobalSection(ExtensibilityGlobals) = postSolution
		SolutionGuid = {3E805FD9-D012-42D1-8FD5-3660785C2A57}
	EndGlobalSection
EndGlobal
